
Microsoft Visual Studio Solution File, Format Version 12.00
# Visual Studio Version 16
VisualStudioVersion = 16.0.31624.102
MinimumVisualStudioVersion = 10.0.40219.1
Project("{FAE04EC0-301F-11D3-BF4B-00C04F79EFBC}") = "QuanLyPhongNet", "QuanLyPhongNet\QuanLyPhongNet.csproj", "{FB0F2A24-5F50-4648-B34A-5365AB37C176}"
EndProject
Global
	GlobalSection(SolutionConfigurationPlatforms) = preSolution
		Debug|Any CPU = Debug|Any CPU
		Release|Any CPU = Release|Any CPU
	EndGlobalSection
	GlobalSection(ProjectConfigurationPlatforms) = postSolution
		{FB0F2A24-5F50-4648-B34A-5365AB37C176}.Debug|Any CPU.ActiveCfg = Debug|Any CPU
		{FB0F2A24-5F50-4648-B34A-5365AB37C176}.Debug|Any CPU.Build.0 = Debug|Any CPU
		{FB0F2A24-5F50-4648-B34A-5365AB37C176}.Release|Any CPU.ActiveCfg = Release|Any CPU
		{FB0F2A24-5F50-4648-B34A-5365AB37C176}.Release|Any CPU.Build.0 = Release|Any CPU
	EndGlobalSection
	GlobalSection(SolutionProperties) = preSolution
		HideSolutionNode = FALSE
	EndGlobalSection
	GlobalSection(ExtensibilityGlobals) = postSolution
		SolutionGuid = {BC7969FE-C7D3-421D-B537-BCBCCC8F2797}
	EndGlobalSection
EndGlobal
